<?xml version="1.0" encoding="UTF-8" standalone="yes" ?>
<CodeBlocks_project_file>
	<FileVersion major="1" minor="6" />
	<Project>
		<Option title="Segmentation" />
		<Option pch_mode="2" />
		<Option compiler="gcc" />
		<Build>
			<Target title="Debug">
				<Option output="bin\Debug\Segmentation" prefix_auto="1" extension_auto="1" />
				<Option object_output="obj\Debug\" />
				<Option type="1" />
				<Option compiler="gcc" />
				<Compiler>
					<Add option="-g" />
				</Compiler>
			</Target>
			<Target title="Release">
				<Option output="bin\Release\Segmentation" prefix_auto="1" extension_auto="1" />
				<Option object_output="obj\Release\" />
				<Option type="1" />
				<Option compiler="gcc" />
				<Compiler>
					<Add option="-O2" />
				</Compiler>
				<Linker>
					<Add option="-s" />
				</Linker>
			</Target>
		</Build>
		<Compiler>
			<Add option="-Wall" />
			<Add option="-fexceptions" />
		</Compiler>
		<Unit filename="include\Accroissement.h" />
		<Unit filename="include\Couleur.h" />
		<Unit filename="include\Graine.h" />
		<Unit filename="include\Region.h" />
		<Unit filename="main.cpp" />
		<Unit filename="src\Accroissement.cpp" />
		<Unit filename="src\Couleur.cpp" />
		<Unit filename="src\Graine.cpp" />
		<Unit filename="src\Region.cpp" />
		<Extensions>
			<code_completion />
			<envvars />
			<lib_finder>
				<lib name="opencv" />
			</lib_finder>
			<debugger />
		</Extensions>
	</Project>
</CodeBlocks_project_file>
